GEM
  remote: https://rubygems.org/
  specs:
    base64 (0.3.0)
    docker-api (2.4.0)
      excon (>= 0.64.0)
      multi_json
    excon (1.3.2)
      logger
    logger (1.7.0)
    multi_json (1.19.1)
    rake-compiler-dock (1.11.0)
    ratatui_ruby (0.10.3)
      rb_sys (~> 0.9)
      rexml (~> 3.4)
    rb_sys (0.9.124)
      rake-compiler-dock (= 1.11.0)
    rexml (3.4.4)

PLATFORMS
  ruby
  x86_64-linux

DEPENDENCIES
  base64
  docker-api
  ratatui_ruby

CHECKSUMS
  base64 (0.3.0) sha256=27337aeabad6ffae05c265c450490628ef3ebd4b67be58257393227588f5a97b
  docker-api (2.4.0) sha256=824be734f4cc8718189be9c8e795b6414acbbf7e8b082a06f959a27dd8dd63e6
  excon (1.3.2) sha256=a089babe98638e58042a7d542b2bbd183304527e33d612b6dde22fa491a544a5
  logger (1.7.0) sha256=196edec7cc44b66cfb40f9755ce11b392f21f7967696af15d274dde7edff0203
  multi_json (1.19.1) sha256=7aefeff8f2c854bf739931a238e4aea64592845e0c0395c8a7d2eea7fdd631b7
  rake-compiler-dock (1.11.0) sha256=eab51f2cd533eb35cea6b624a75281f047123e70a64c58b607471bb49428f8c2
  ratatui_ruby (0.10.3) sha256=638360fe7dc4a020192ceee394ff009c3d486b4930752474057b73223e7e0b06
  rb_sys (0.9.124) sha256=513476557b12eaf73764b3da9f8746024558fe8699bda785fb548c9aa3877ae7
  rexml (3.4.4) sha256=19e0a2c3425dfbf2d4fc1189747bdb2f849b6c5e74180401b15734bc97b5d142

RUBY VERSION
  ruby 3.4.6

BUNDLED WITH
  4.0.3
